<?xml version="1.0" encoding="UTF-8" standalone="yes" ?>
<CodeBlocks_project_file>
	<FileVersion major="1" minor="6" />
	<Project>
		<Option title="TDS6213_Project" />
		<Option pch_mode="2" />
		<Option compiler="gcc" />
		<Build>
			<Target title="Debug">
				<Option output="bin/Debug/TDS6213_Project" prefix_auto="1" extension_auto="1" />
				<Option object_output="obj/Debug/" />
				<Option type="1" />
				<Option compiler="gcc" />
				<Compiler>
					<Add option="-g" />
				</Compiler>
			</Target>
			<Target title="Release">
				<Option output="bin/Release/TDS6213_Project" prefix_auto="1" extension_auto="1" />
				<Option object_output="obj/Release/" />
				<Option type="1" />
				<Option compiler="gcc" />
				<Compiler>
					<Add option="-O2" />
				</Compiler>
				<Linker>
					<Add option="-s" />
				</Linker>
			</Target>
		</Build>
		<Compiler>
			<Add option="-Wall" />
		</Compiler>
		<Unit filename="HouseAvailabilityMenu.cpp" />
		<Unit filename="HouseAvailabilityMenu.hpp" />
		<Unit filename="Property.cpp" />
		<Unit filename="Property.hpp" />
		<Unit filename="QueueOverdue.hpp" />
		<Unit filename="deposit.cpp" />
		<Unit filename="deposit.hpp" />
		<Unit filename="main.cpp" />
		<Unit filename="ownerDetails.cpp" />
		<Unit filename="ownerDetails.hpp" />
		<Unit filename="tenantDetails.cpp" />
		<Unit filename="tenantDetails.hpp" />
		<Extensions>
			<lib_finder disable_auto="1" />
		</Extensions>
	</Project>
</CodeBlocks_project_file>
